<?xml version="1.0" encoding="utf-8"?>
<Project ToolsVersion="4.0" xmlns="http://schemas.microsoft.com/developer/msbuild/2003">
  <ItemGroup>
    <Filter Include="Resource Files">
      <UniqueIdentifier>{D9D6E242-F8AF-46E4-B9FD-80ECBC20BA3E}</UniqueIdentifier>
      <Extensions>qrc;*</Extensions>
      <ParseFiles>false</ParseFiles>
    </Filter>
    <Filter Include="Generated Files">
      <UniqueIdentifier>{71ED8ED8-ACB9-4CE9-BBE1-E00B30144E11}</UniqueIdentifier>
      <Extensions>moc;h;cpp</Extensions>
      <SourceControlFiles>False</SourceControlFiles>
    </Filter>
    <Filter Include="Generated Files\Debug">
      <UniqueIdentifier>{e3bf61f0-0d1b-46cf-9626-b8ec342b24fa}</UniqueIdentifier>
      <Extensions>cpp;moc</Extensions>
      <SourceControlFiles>False</SourceControlFiles>
    </Filter>
    <Filter Include="Generated Files\Release">
      <UniqueIdentifier>{9af1c14b-c0b9-45fa-bf56-8bd6342b677a}</UniqueIdentifier>
      <Extensions>cpp;moc</Extensions>
      <SourceControlFiles>False</SourceControlFiles>
    </Filter>
    <Filter Include="dialog">
      <UniqueIdentifier>{fd80a805-7b74-4a27-a8e3-87f695ea624a}</UniqueIdentifier>
    </Filter>
    <Filter Include="io">
      <UniqueIdentifier>{f9b26fbf-b1d7-40e0-80a1-850b7ca7052b}</UniqueIdentifier>
    </Filter>
  </ItemGroup>
  <ItemGroup>
    <ClCompile Include="GeneratedFiles\qrc_translator.cpp">
      <Filter>Generated Files</Filter>
    </ClCompile>
    <ClCompile Include="main.cpp" />
    <ClCompile Include="dialog\translator.cpp">
      <Filter>dialog</Filter>
    </ClCompile>
    <ClCompile Include="GeneratedFiles\Debug\moc_translator.cpp">
      <Filter>Generated Files\Debug</Filter>
    </ClCompile>
    <ClCompile Include="GeneratedFiles\Release\moc_translator.cpp">
      <Filter>Generated Files\Release</Filter>
    </ClCompile>
    <ClCompile Include="io\tmxReader.cpp">
      <Filter>io</Filter>
    </ClCompile>
    <ClCompile Include="stdafx.cpp" />
  </ItemGroup>
  <ItemGroup>
    <CustomBuild Include="translator.qrc">
      <Filter>Resource Files</Filter>
    </CustomBuild>
    <CustomBuild Include="dialog\translator.h">
      <Filter>dialog</Filter>
    </CustomBuild>
    <CustomBuild Include="dialog\translator.ui">
      <Filter>dialog</Filter>
    </CustomBuild>
  </ItemGroup>
  <ItemGroup>
    <ClInclude Include="io\tmxReader.h">
      <Filter>io</Filter>
    </ClInclude>
    <ClInclude Include="stdafx.h" />
  </ItemGroup>
  <ItemGroup>
    <Natvis Include="C:\Program Files (x86)\Microsoft Visual Studio 14.0\Common7\Packages\Debugger\Visualizers\qt5.natvis" />
  </ItemGroup>
</Project>